// !$*UTF8*$!
{
	archiveVersion = 1;
	classes = {
	};
	objectVersion = 50;
	objects = {

/* Begin PBXBuildFile section */
		39631A9A52D3F457EABE26D0 /* Pods_TheMovsAppTests.framework in Frameworks */ = {isa = PBXBuildFile; fileRef = AFA3FCEC50B4FE1FB770DC96 /* Pods_TheMovsAppTests.framework */; };
		52014BFF21B588B6005B1481 /* HomeViewProtocol.swift in Sources */ = {isa = PBXBuildFile; fileRef = 52014BFE21B588B6005B1481 /* HomeViewProtocol.swift */; };
		52014C0121B588DD005B1481 /* HomePresenter.swift in Sources */ = {isa = PBXBuildFile; fileRef = 52014C0021B588DD005B1481 /* HomePresenter.swift */; };
		52014C0321B588EC005B1481 /* HomePresenterProtocol.swift in Sources */ = {isa = PBXBuildFile; fileRef = 52014C0221B588EC005B1481 /* HomePresenterProtocol.swift */; };
		52014C0621B59AB3005B1481 /* Initializable.swift in Sources */ = {isa = PBXBuildFile; fileRef = 52014C0521B59AB3005B1481 /* Initializable.swift */; };
		52014C0821B59ADC005B1481 /* ThemeInitializer.swift in Sources */ = {isa = PBXBuildFile; fileRef = 52014C0721B59ADC005B1481 /* ThemeInitializer.swift */; };
		52014C0B21B59B68005B1481 /* UIColor+Extension.swift in Sources */ = {isa = PBXBuildFile; fileRef = 52014C0A21B59B68005B1481 /* UIColor+Extension.swift */; };
		52014C0D21B6A8B8005B1481 /* HomeViewControllerSpec.swift in Sources */ = {isa = PBXBuildFile; fileRef = 52014C0C21B6A8B8005B1481 /* HomeViewControllerSpec.swift */; };
		52A218DC21B1724C00825CFB /* CodeView.swift in Sources */ = {isa = PBXBuildFile; fileRef = 52A218DB21B1724C00825CFB /* CodeView.swift */; };
		52A218DF21B1796900825CFB /* HomeViewController.swift in Sources */ = {isa = PBXBuildFile; fileRef = 52A218DE21B1796900825CFB /* HomeViewController.swift */; };
		52B2FF7521B186D90043052C /* TabBarModel.swift in Sources */ = {isa = PBXBuildFile; fileRef = 52B2FF7421B186D90043052C /* TabBarModel.swift */; };
		59130392B6401E0503B0F5E7 /* Pods_TheMovsApp.framework in Frameworks */ = {isa = PBXBuildFile; fileRef = CD9BE3741990BAC59B9B2030 /* Pods_TheMovsApp.framework */; };
		612152E568D05700619CB6E2 /* Pods_TheMovsAppUITests.framework in Frameworks */ = {isa = PBXBuildFile; fileRef = F6818540AA66A2BD3DC0CD09 /* Pods_TheMovsAppUITests.framework */; };
		C40B972921B16B010067A565 /* AppDelegate.swift in Sources */ = {isa = PBXBuildFile; fileRef = C40B972821B16B010067A565 /* AppDelegate.swift */; };
		C40B972B21B16B010067A565 /* ViewController.swift in Sources */ = {isa = PBXBuildFile; fileRef = C40B972A21B16B010067A565 /* ViewController.swift */; };
		C40B972E21B16B010067A565 /* Main.storyboard in Resources */ = {isa = PBXBuildFile; fileRef = C40B972C21B16B010067A565 /* Main.storyboard */; };
		C40B973021B16B020067A565 /* Assets.xcassets in Resources */ = {isa = PBXBuildFile; fileRef = C40B972F21B16B020067A565 /* Assets.xcassets */; };
		C40B973321B16B020067A565 /* LaunchScreen.storyboard in Resources */ = {isa = PBXBuildFile; fileRef = C40B973121B16B020067A565 /* LaunchScreen.storyboard */; };
		C40B974921B16B030067A565 /* TheMovsAppUITests.swift in Sources */ = {isa = PBXBuildFile; fileRef = C40B974821B16B030067A565 /* TheMovsAppUITests.swift */; };
		C4BE2A3521B1759900DDA163 /* RequestResultType.swift in Sources */ = {isa = PBXBuildFile; fileRef = C4BE2A3421B1759900DDA163 /* RequestResultType.swift */; };
		C4BE2A3921B1763F00DDA163 /* HTTPServices.swift in Sources */ = {isa = PBXBuildFile; fileRef = C4BE2A3821B1763F00DDA163 /* HTTPServices.swift */; };
		C4BE2A3B21B18BFB00DDA163 /* NetworkLayerTest.swift in Sources */ = {isa = PBXBuildFile; fileRef = C4BE2A3A21B18BFB00DDA163 /* NetworkLayerTest.swift */; };
		C4BE2A3E21B5A5E000DDA163 /* MoviesListViewController.swift in Sources */ = {isa = PBXBuildFile; fileRef = C4BE2A3D21B5A5E000DDA163 /* MoviesListViewController.swift */; };
		C4BE2A4521B5A62D00DDA163 /* MoviesListPresenter.swift in Sources */ = {isa = PBXBuildFile; fileRef = C4BE2A4421B5A62D00DDA163 /* MoviesListPresenter.swift */; };
		C4BE2A4721B5A63800DDA163 /* MoviesListPresenterProtocol.swift in Sources */ = {isa = PBXBuildFile; fileRef = C4BE2A4621B5A63800DDA163 /* MoviesListPresenterProtocol.swift */; };
		C4BE2A4A21B5B93F00DDA163 /* MoviesListClient.swift in Sources */ = {isa = PBXBuildFile; fileRef = C4BE2A4921B5B93F00DDA163 /* MoviesListClient.swift */; };
		C4BE2A4C21B5C16400DDA163 /* MovieModel.swift in Sources */ = {isa = PBXBuildFile; fileRef = C4BE2A4B21B5C16400DDA163 /* MovieModel.swift */; };
		C4BE2A4E21B5C19400DDA163 /* MoviesListModel.swift in Sources */ = {isa = PBXBuildFile; fileRef = C4BE2A4D21B5C19400DDA163 /* MoviesListModel.swift */; };
		C4BE2A5221B5C87200DDA163 /* MovieTests.swift in Sources */ = {isa = PBXBuildFile; fileRef = C4BE2A5121B5C87200DDA163 /* MovieTests.swift */; };
		C4BE2A5421B5CB2D00DDA163 /* HTTPServicesProtocol.swift in Sources */ = {isa = PBXBuildFile; fileRef = C4BE2A5321B5CB2D00DDA163 /* HTTPServicesProtocol.swift */; };
		C4BE2A5621B6B66600DDA163 /* MoviesClientTest.swift in Sources */ = {isa = PBXBuildFile; fileRef = C4BE2A5521B6B66600DDA163 /* MoviesClientTest.swift */; };
		C4BE2A5821B6B85C00DDA163 /* MoviesListPage1.json in Resources */ = {isa = PBXBuildFile; fileRef = C4BE2A5721B6B85C00DDA163 /* MoviesListPage1.json */; };
		C4BE2A5A21B6B86F00DDA163 /* MoviesListPage2.json in Resources */ = {isa = PBXBuildFile; fileRef = C4BE2A5921B6B86F00DDA163 /* MoviesListPage2.json */; };
		C4BE2A5C21B6E0E800DDA163 /* TMDBUrl.swift in Sources */ = {isa = PBXBuildFile; fileRef = C4BE2A5B21B6E0E800DDA163 /* TMDBUrl.swift */; };
		C4BE2A5E21B6F97300DDA163 /* MoviesListView.swift in Sources */ = {isa = PBXBuildFile; fileRef = C4BE2A5D21B6F97300DDA163 /* MoviesListView.swift */; };
		C4BE2A6121B6FA6000DDA163 /* MoviesTableViewDelegate.swift in Sources */ = {isa = PBXBuildFile; fileRef = C4BE2A6021B6FA6000DDA163 /* MoviesTableViewDelegate.swift */; };
		C4BE2A6421B6FAA500DDA163 /* MoviesTableViewDataSource.swift in Sources */ = {isa = PBXBuildFile; fileRef = C4BE2A6321B6FAA500DDA163 /* MoviesTableViewDataSource.swift */; };
		C4BE2A6621B700ED00DDA163 /* MoviesListViewProtocol.swift in Sources */ = {isa = PBXBuildFile; fileRef = C4BE2A6521B700ED00DDA163 /* MoviesListViewProtocol.swift */; };
		C4BE2A6E21B7112400DDA163 /* MovieCell.swift in Sources */ = {isa = PBXBuildFile; fileRef = C4BE2A6C21B7112400DDA163 /* MovieCell.swift */; };
		C4BE2A6F21B7112400DDA163 /* MovieCell.xib in Resources */ = {isa = PBXBuildFile; fileRef = C4BE2A6D21B7112400DDA163 /* MovieCell.xib */; };
		C4BE2A7121B7135B00DDA163 /* UICollectionView+Extension.swift in Sources */ = {isa = PBXBuildFile; fileRef = C4BE2A7021B7135B00DDA163 /* UICollectionView+Extension.swift */; };
		C4BE2A7521B829D600DDA163 /* MoviesListPresenterTest.swift in Sources */ = {isa = PBXBuildFile; fileRef = C4BE2A7421B829D600DDA163 /* MoviesListPresenterTest.swift */; };
		C4BE2A7921B84EFB00DDA163 /* MoviesGridViewSpec.swift in Sources */ = {isa = PBXBuildFile; fileRef = C4BE2A7621B830D200DDA163 /* MoviesGridViewSpec.swift */; };
/* End PBXBuildFile section */

/* Begin PBXContainerItemProxy section */
		C40B973A21B16B030067A565 /* PBXContainerItemProxy */ = {
			isa = PBXContainerItemProxy;
			containerPortal = C40B971D21B16B010067A565 /* Project object */;
			proxyType = 1;
			remoteGlobalIDString = C40B972421B16B010067A565;
			remoteInfo = TheMovsApp;
		};
		C40B974521B16B030067A565 /* PBXContainerItemProxy */ = {
			isa = PBXContainerItemProxy;
			containerPortal = C40B971D21B16B010067A565 /* Project object */;
			proxyType = 1;
			remoteGlobalIDString = C40B972421B16B010067A565;
			remoteInfo = TheMovsApp;
		};
/* End PBXContainerItemProxy section */

/* Begin PBXFileReference section */
		2E261A689FD44ED3118D2189 /* Pods-TheMovsAppTests.debug.xcconfig */ = {isa = PBXFileReference; includeInIndex = 1; lastKnownFileType = text.xcconfig; name = "Pods-TheMovsAppTests.debug.xcconfig"; path = "Pods/Target Support Files/Pods-TheMovsAppTests/Pods-TheMovsAppTests.debug.xcconfig"; sourceTree = "<group>"; };
		52014BFE21B588B6005B1481 /* HomeViewProtocol.swift */ = {isa = PBXFileReference; lastKnownFileType = sourcecode.swift; path = HomeViewProtocol.swift; sourceTree = "<group>"; };
		52014C0021B588DD005B1481 /* HomePresenter.swift */ = {isa = PBXFileReference; lastKnownFileType = sourcecode.swift; path = HomePresenter.swift; sourceTree = "<group>"; };
		52014C0221B588EC005B1481 /* HomePresenterProtocol.swift */ = {isa = PBXFileReference; lastKnownFileType = sourcecode.swift; path = HomePresenterProtocol.swift; sourceTree = "<group>"; };
		52014C0521B59AB3005B1481 /* Initializable.swift */ = {isa = PBXFileReference; lastKnownFileType = sourcecode.swift; path = Initializable.swift; sourceTree = "<group>"; };
		52014C0721B59ADC005B1481 /* ThemeInitializer.swift */ = {isa = PBXFileReference; lastKnownFileType = sourcecode.swift; path = ThemeInitializer.swift; sourceTree = "<group>"; };
		52014C0A21B59B68005B1481 /* UIColor+Extension.swift */ = {isa = PBXFileReference; lastKnownFileType = sourcecode.swift; path = "UIColor+Extension.swift"; sourceTree = "<group>"; };
		52014C0C21B6A8B8005B1481 /* HomeViewControllerSpec.swift */ = {isa = PBXFileReference; lastKnownFileType = sourcecode.swift; path = HomeViewControllerSpec.swift; sourceTree = "<group>"; };
		52A218DB21B1724C00825CFB /* CodeView.swift */ = {isa = PBXFileReference; lastKnownFileType = sourcecode.swift; path = CodeView.swift; sourceTree = "<group>"; };
		52A218DE21B1796900825CFB /* HomeViewController.swift */ = {isa = PBXFileReference; lastKnownFileType = sourcecode.swift; path = HomeViewController.swift; sourceTree = "<group>"; };
		52B2FF7421B186D90043052C /* TabBarModel.swift */ = {isa = PBXFileReference; lastKnownFileType = sourcecode.swift; path = TabBarModel.swift; sourceTree = "<group>"; };
		59FC8BBDCAAD456439A55274 /* Pods-TheMovsAppUITests.release.xcconfig */ = {isa = PBXFileReference; includeInIndex = 1; lastKnownFileType = text.xcconfig; name = "Pods-TheMovsAppUITests.release.xcconfig"; path = "Pods/Target Support Files/Pods-TheMovsAppUITests/Pods-TheMovsAppUITests.release.xcconfig"; sourceTree = "<group>"; };
		7441659497A4173788F10266 /* Pods-TheMovsApp.debug.xcconfig */ = {isa = PBXFileReference; includeInIndex = 1; lastKnownFileType = text.xcconfig; name = "Pods-TheMovsApp.debug.xcconfig"; path = "Pods/Target Support Files/Pods-TheMovsApp/Pods-TheMovsApp.debug.xcconfig"; sourceTree = "<group>"; };
		7F46CE6E043064722B41B7F0 /* Pods-TheMovsAppUITests.debug.xcconfig */ = {isa = PBXFileReference; includeInIndex = 1; lastKnownFileType = text.xcconfig; name = "Pods-TheMovsAppUITests.debug.xcconfig"; path = "Pods/Target Support Files/Pods-TheMovsAppUITests/Pods-TheMovsAppUITests.debug.xcconfig"; sourceTree = "<group>"; };
		AFA3FCEC50B4FE1FB770DC96 /* Pods_TheMovsAppTests.framework */ = {isa = PBXFileReference; explicitFileType = wrapper.framework; includeInIndex = 0; path = Pods_TheMovsAppTests.framework; sourceTree = BUILT_PRODUCTS_DIR; };
		BF39B3B5D5F614B1EA86B8A9 /* Pods-TheMovsApp.release.xcconfig */ = {isa = PBXFileReference; includeInIndex = 1; lastKnownFileType = text.xcconfig; name = "Pods-TheMovsApp.release.xcconfig"; path = "Pods/Target Support Files/Pods-TheMovsApp/Pods-TheMovsApp.release.xcconfig"; sourceTree = "<group>"; };
		C40B972521B16B010067A565 /* TheMovsApp.app */ = {isa = PBXFileReference; explicitFileType = wrapper.application; includeInIndex = 0; path = TheMovsApp.app; sourceTree = BUILT_PRODUCTS_DIR; };
		C40B972821B16B010067A565 /* AppDelegate.swift */ = {isa = PBXFileReference; lastKnownFileType = sourcecode.swift; path = AppDelegate.swift; sourceTree = "<group>"; };
		C40B972A21B16B010067A565 /* ViewController.swift */ = {isa = PBXFileReference; lastKnownFileType = sourcecode.swift; path = ViewController.swift; sourceTree = "<group>"; };
		C40B972D21B16B010067A565 /* Base */ = {isa = PBXFileReference; lastKnownFileType = file.storyboard; name = Base; path = Base.lproj/Main.storyboard; sourceTree = "<group>"; };
		C40B972F21B16B020067A565 /* Assets.xcassets */ = {isa = PBXFileReference; lastKnownFileType = folder.assetcatalog; path = Assets.xcassets; sourceTree = "<group>"; };
		C40B973221B16B020067A565 /* Base */ = {isa = PBXFileReference; lastKnownFileType = file.storyboard; name = Base; path = Base.lproj/LaunchScreen.storyboard; sourceTree = "<group>"; };
		C40B973421B16B020067A565 /* Info.plist */ = {isa = PBXFileReference; lastKnownFileType = text.plist.xml; path = Info.plist; sourceTree = "<group>"; };
		C40B973921B16B030067A565 /* TheMovsAppTests.xctest */ = {isa = PBXFileReference; explicitFileType = wrapper.cfbundle; includeInIndex = 0; path = TheMovsAppTests.xctest; sourceTree = BUILT_PRODUCTS_DIR; };
		C40B973F21B16B030067A565 /* Info.plist */ = {isa = PBXFileReference; lastKnownFileType = text.plist.xml; path = Info.plist; sourceTree = "<group>"; };
		C40B974421B16B030067A565 /* TheMovsAppUITests.xctest */ = {isa = PBXFileReference; explicitFileType = wrapper.cfbundle; includeInIndex = 0; path = TheMovsAppUITests.xctest; sourceTree = BUILT_PRODUCTS_DIR; };
		C40B974821B16B030067A565 /* TheMovsAppUITests.swift */ = {isa = PBXFileReference; lastKnownFileType = sourcecode.swift; path = TheMovsAppUITests.swift; sourceTree = "<group>"; };
		C40B974A21B16B030067A565 /* Info.plist */ = {isa = PBXFileReference; lastKnownFileType = text.plist.xml; path = Info.plist; sourceTree = "<group>"; };
		C4BE2A3421B1759900DDA163 /* RequestResultType.swift */ = {isa = PBXFileReference; lastKnownFileType = sourcecode.swift; path = RequestResultType.swift; sourceTree = "<group>"; };
		C4BE2A3821B1763F00DDA163 /* HTTPServices.swift */ = {isa = PBXFileReference; lastKnownFileType = sourcecode.swift; path = HTTPServices.swift; sourceTree = "<group>"; };
		C4BE2A3A21B18BFB00DDA163 /* NetworkLayerTest.swift */ = {isa = PBXFileReference; lastKnownFileType = sourcecode.swift; path = NetworkLayerTest.swift; sourceTree = "<group>"; };
		C4BE2A3D21B5A5E000DDA163 /* MoviesListViewController.swift */ = {isa = PBXFileReference; lastKnownFileType = sourcecode.swift; path = MoviesListViewController.swift; sourceTree = "<group>"; };
		C4BE2A4421B5A62D00DDA163 /* MoviesListPresenter.swift */ = {isa = PBXFileReference; lastKnownFileType = sourcecode.swift; path = MoviesListPresenter.swift; sourceTree = "<group>"; };
		C4BE2A4621B5A63800DDA163 /* MoviesListPresenterProtocol.swift */ = {isa = PBXFileReference; lastKnownFileType = sourcecode.swift; path = MoviesListPresenterProtocol.swift; sourceTree = "<group>"; };
		C4BE2A4921B5B93F00DDA163 /* MoviesListClient.swift */ = {isa = PBXFileReference; lastKnownFileType = sourcecode.swift; path = MoviesListClient.swift; sourceTree = "<group>"; };
		C4BE2A4B21B5C16400DDA163 /* MovieModel.swift */ = {isa = PBXFileReference; lastKnownFileType = sourcecode.swift; path = MovieModel.swift; sourceTree = "<group>"; };
		C4BE2A4D21B5C19400DDA163 /* MoviesListModel.swift */ = {isa = PBXFileReference; lastKnownFileType = sourcecode.swift; path = MoviesListModel.swift; sourceTree = "<group>"; };
		C4BE2A5121B5C87200DDA163 /* MovieTests.swift */ = {isa = PBXFileReference; lastKnownFileType = sourcecode.swift; path = MovieTests.swift; sourceTree = "<group>"; };
		C4BE2A5321B5CB2D00DDA163 /* HTTPServicesProtocol.swift */ = {isa = PBXFileReference; lastKnownFileType = sourcecode.swift; path = HTTPServicesProtocol.swift; sourceTree = "<group>"; };
		C4BE2A5521B6B66600DDA163 /* MoviesClientTest.swift */ = {isa = PBXFileReference; lastKnownFileType = sourcecode.swift; path = MoviesClientTest.swift; sourceTree = "<group>"; };
		C4BE2A5721B6B85C00DDA163 /* MoviesListPage1.json */ = {isa = PBXFileReference; lastKnownFileType = text.json; path = MoviesListPage1.json; sourceTree = "<group>"; };
		C4BE2A5921B6B86F00DDA163 /* MoviesListPage2.json */ = {isa = PBXFileReference; lastKnownFileType = text.json; path = MoviesListPage2.json; sourceTree = "<group>"; };
		C4BE2A5B21B6E0E800DDA163 /* TMDBUrl.swift */ = {isa = PBXFileReference; lastKnownFileType = sourcecode.swift; path = TMDBUrl.swift; sourceTree = "<group>"; };
		C4BE2A5D21B6F97300DDA163 /* MoviesListView.swift */ = {isa = PBXFileReference; lastKnownFileType = sourcecode.swift; path = MoviesListView.swift; sourceTree = "<group>"; };
		C4BE2A6021B6FA6000DDA163 /* MoviesTableViewDelegate.swift */ = {isa = PBXFileReference; lastKnownFileType = sourcecode.swift; path = MoviesTableViewDelegate.swift; sourceTree = "<group>"; };
		C4BE2A6321B6FAA500DDA163 /* MoviesTableViewDataSource.swift */ = {isa = PBXFileReference; lastKnownFileType = sourcecode.swift; path = MoviesTableViewDataSource.swift; sourceTree = "<group>"; };
		C4BE2A6521B700ED00DDA163 /* MoviesListViewProtocol.swift */ = {isa = PBXFileReference; lastKnownFileType = sourcecode.swift; path = MoviesListViewProtocol.swift; sourceTree = "<group>"; };
		C4BE2A6C21B7112400DDA163 /* MovieCell.swift */ = {isa = PBXFileReference; lastKnownFileType = sourcecode.swift; path = MovieCell.swift; sourceTree = "<group>"; };
		C4BE2A6D21B7112400DDA163 /* MovieCell.xib */ = {isa = PBXFileReference; lastKnownFileType = file.xib; path = MovieCell.xib; sourceTree = "<group>"; };
		C4BE2A7021B7135B00DDA163 /* UICollectionView+Extension.swift */ = {isa = PBXFileReference; lastKnownFileType = sourcecode.swift; path = "UICollectionView+Extension.swift"; sourceTree = "<group>"; };
		C4BE2A7421B829D600DDA163 /* MoviesListPresenterTest.swift */ = {isa = PBXFileReference; lastKnownFileType = sourcecode.swift; path = MoviesListPresenterTest.swift; sourceTree = "<group>"; };
		C4BE2A7621B830D200DDA163 /* MoviesGridViewSpec.swift */ = {isa = PBXFileReference; lastKnownFileType = sourcecode.swift; path = MoviesGridViewSpec.swift; sourceTree = "<group>"; };
		CD9BE3741990BAC59B9B2030 /* Pods_TheMovsApp.framework */ = {isa = PBXFileReference; explicitFileType = wrapper.framework; includeInIndex = 0; path = Pods_TheMovsApp.framework; sourceTree = BUILT_PRODUCTS_DIR; };
		E23EDA5CDA088B2DD15C6B4D /* Pods-TheMovsAppTests.release.xcconfig */ = {isa = PBXFileReference; includeInIndex = 1; lastKnownFileType = text.xcconfig; name = "Pods-TheMovsAppTests.release.xcconfig"; path = "Pods/Target Support Files/Pods-TheMovsAppTests/Pods-TheMovsAppTests.release.xcconfig"; sourceTree = "<group>"; };
		F6818540AA66A2BD3DC0CD09 /* Pods_TheMovsAppUITests.framework */ = {isa = PBXFileReference; explicitFileType = wrapper.framework; includeInIndex = 0; path = Pods_TheMovsAppUITests.framework; sourceTree = BUILT_PRODUCTS_DIR; };
/* End PBXFileReference section */

/* Begin PBXFrameworksBuildPhase section */
		C40B972221B16B010067A565 /* Frameworks */ = {
			isa = PBXFrameworksBuildPhase;
			buildActionMask = 2147483647;
			files = (
				59130392B6401E0503B0F5E7 /* Pods_TheMovsApp.framework in Frameworks */,
			);
			runOnlyForDeploymentPostprocessing = 0;
		};
		C40B973621B16B030067A565 /* Frameworks */ = {
			isa = PBXFrameworksBuildPhase;
			buildActionMask = 2147483647;
			files = (
				39631A9A52D3F457EABE26D0 /* Pods_TheMovsAppTests.framework in Frameworks */,
			);
			runOnlyForDeploymentPostprocessing = 0;
		};
		C40B974121B16B030067A565 /* Frameworks */ = {
			isa = PBXFrameworksBuildPhase;
			buildActionMask = 2147483647;
			files = (
				612152E568D05700619CB6E2 /* Pods_TheMovsAppUITests.framework in Frameworks */,
			);
			runOnlyForDeploymentPostprocessing = 0;
		};
/* End PBXFrameworksBuildPhase section */

/* Begin PBXGroup section */
		52014C0421B59A95005B1481 /* Initializer */ = {
			isa = PBXGroup;
			children = (
				52014C0521B59AB3005B1481 /* Initializable.swift */,
				52014C0721B59ADC005B1481 /* ThemeInitializer.swift */,
			);
			path = Initializer;
			sourceTree = "<group>";
		};
		52014C0921B59B31005B1481 /* Extensions */ = {
			isa = PBXGroup;
			children = (
				52014C0A21B59B68005B1481 /* UIColor+Extension.swift */,
				C4BE2A7021B7135B00DDA163 /* UICollectionView+Extension.swift */,
			);
			path = Extensions;
			sourceTree = "<group>";
		};
		52A218D221B16C2400825CFB /* SupportingFiles */ = {
			isa = PBXGroup;
			children = (
				C40B973121B16B020067A565 /* LaunchScreen.storyboard */,
				C40B973421B16B020067A565 /* Info.plist */,
			);
			path = SupportingFiles;
			sourceTree = "<group>";
		};
		52A218D321B16C3B00825CFB /* Resources */ = {
			isa = PBXGroup;
			children = (
				C40B972F21B16B020067A565 /* Assets.xcassets */,
			);
			path = Resources;
			sourceTree = "<group>";
		};
		52A218D521B16C4D00825CFB /* Common */ = {
			isa = PBXGroup;
			children = (
				52014C0921B59B31005B1481 /* Extensions */,
				52B2FF7221B186B20043052C /* Model */,
				52A218DA21B1723600825CFB /* CodeViewProtocol */,
			);
			path = Common;
			sourceTree = "<group>";
		};
		52A218D621B16C5600825CFB /* Application */ = {
			isa = PBXGroup;
			children = (
				52014C0421B59A95005B1481 /* Initializer */,
				C40B972821B16B010067A565 /* AppDelegate.swift */,
			);
			path = Application;
			sourceTree = "<group>";
		};
		52A218DA21B1723600825CFB /* CodeViewProtocol */ = {
			isa = PBXGroup;
			children = (
				52A218DB21B1724C00825CFB /* CodeView.swift */,
			);
			path = CodeViewProtocol;
			sourceTree = "<group>";
		};
		52A218DD21B178B300825CFB /* Home */ = {
			isa = PBXGroup;
			children = (
				52A218DE21B1796900825CFB /* HomeViewController.swift */,
				52014BFE21B588B6005B1481 /* HomeViewProtocol.swift */,
				52014C0021B588DD005B1481 /* HomePresenter.swift */,
				52014C0221B588EC005B1481 /* HomePresenterProtocol.swift */,
			);
			path = Home;
			sourceTree = "<group>";
		};
		52B2FF7221B186B20043052C /* Model */ = {
			isa = PBXGroup;
			children = (
				52B2FF7321B186BC0043052C /* TabBarModel */,
			);
			path = Model;
			sourceTree = "<group>";
		};
		52B2FF7321B186BC0043052C /* TabBarModel */ = {
			isa = PBXGroup;
			children = (
				52B2FF7421B186D90043052C /* TabBarModel.swift */,
			);
			path = TabBarModel;
			sourceTree = "<group>";
		};
		C40B971C21B16B010067A565 = {
			isa = PBXGroup;
			children = (
				C40B972721B16B010067A565 /* TheMovsApp */,
				C40B973C21B16B030067A565 /* TheMovsAppTests */,
				C40B974721B16B030067A565 /* TheMovsAppUITests */,
				C40B972621B16B010067A565 /* Products */,
				D0BDF0797B6C065B307F2FD6 /* Pods */,
				DE7A363EBDE8098222C07943 /* Frameworks */,
			);
			sourceTree = "<group>";
		};
		C40B972621B16B010067A565 /* Products */ = {
			isa = PBXGroup;
			children = (
				C40B972521B16B010067A565 /* TheMovsApp.app */,
				C40B973921B16B030067A565 /* TheMovsAppTests.xctest */,
				C40B974421B16B030067A565 /* TheMovsAppUITests.xctest */,
			);
			name = Products;
			sourceTree = "<group>";
		};
		C40B972721B16B010067A565 /* TheMovsApp */ = {
			isa = PBXGroup;
			children = (
				C4BE2A3321B1758500DDA163 /* Network */,
				C4BE2A3221B174D100DDA163 /* Modules */,
				52A218D621B16C5600825CFB /* Application */,
				52A218D521B16C4D00825CFB /* Common */,
				52A218D321B16C3B00825CFB /* Resources */,
				52A218D221B16C2400825CFB /* SupportingFiles */,
				C40B972A21B16B010067A565 /* ViewController.swift */,
				C40B972C21B16B010067A565 /* Main.storyboard */,
			);
			path = TheMovsApp;
			sourceTree = "<group>";
		};
		C40B973C21B16B030067A565 /* TheMovsAppTests */ = {
			isa = PBXGroup;
			children = (
				C4BE2A7621B830D200DDA163 /* MoviesGridViewSpec.swift */,
				C40B973F21B16B030067A565 /* Info.plist */,
				C4BE2A3A21B18BFB00DDA163 /* NetworkLayerTest.swift */,
				52014C0C21B6A8B8005B1481 /* HomeViewControllerSpec.swift */,
				C4BE2A5121B5C87200DDA163 /* MovieTests.swift */,
				C4BE2A5521B6B66600DDA163 /* MoviesClientTest.swift */,
				C4BE2A5721B6B85C00DDA163 /* MoviesListPage1.json */,
				C4BE2A5921B6B86F00DDA163 /* MoviesListPage2.json */,
				C4BE2A7421B829D600DDA163 /* MoviesListPresenterTest.swift */,
			);
			path = TheMovsAppTests;
			sourceTree = "<group>";
		};
		C40B974721B16B030067A565 /* TheMovsAppUITests */ = {
			isa = PBXGroup;
			children = (
				C40B974821B16B030067A565 /* TheMovsAppUITests.swift */,
				C40B974A21B16B030067A565 /* Info.plist */,
			);
			path = TheMovsAppUITests;
			sourceTree = "<group>";
		};
		C4BE2A3221B174D100DDA163 /* Modules */ = {
			isa = PBXGroup;
			children = (
				52A218DD21B178B300825CFB /* Home */,
				C4BE2A3C21B5A5CB00DDA163 /* MoviesList */,
			);
			path = Modules;
			sourceTree = "<group>";
		};
		C4BE2A3321B1758500DDA163 /* Network */ = {
			isa = PBXGroup;
			children = (
				C4BE2A3421B1759900DDA163 /* RequestResultType.swift */,
				C4BE2A3821B1763F00DDA163 /* HTTPServices.swift */,
				C4BE2A5321B5CB2D00DDA163 /* HTTPServicesProtocol.swift */,
				C4BE2A5B21B6E0E800DDA163 /* TMDBUrl.swift */,
			);
			path = Network;
			sourceTree = "<group>";
		};
		C4BE2A3C21B5A5CB00DDA163 /* MoviesList */ = {
			isa = PBXGroup;
			children = (
				C4BE2A4821B5B93000DDA163 /* Client */,
				C4BE2A3F21B5A5E400DDA163 /* Model */,
				C4BE2A4021B5A5F000DDA163 /* View */,
				C4BE2A4121B5A5F500DDA163 /* Presenter */,
			);
			path = MoviesList;
			sourceTree = "<group>";
		};
		C4BE2A3F21B5A5E400DDA163 /* Model */ = {
			isa = PBXGroup;
			children = (
				C4BE2A4B21B5C16400DDA163 /* MovieModel.swift */,
				C4BE2A4D21B5C19400DDA163 /* MoviesListModel.swift */,
			);
			path = Model;
			sourceTree = "<group>";
		};
		C4BE2A4021B5A5F000DDA163 /* View */ = {
			isa = PBXGroup;
			children = (
				C4BE2A6721B70D4C00DDA163 /* MovieCell */,
				C4BE2A5F21B6FA4800DDA163 /* CollectionViewClasses */,
				C4BE2A3D21B5A5E000DDA163 /* MoviesListViewController.swift */,
				C4BE2A5D21B6F97300DDA163 /* MoviesListView.swift */,
				C4BE2A6521B700ED00DDA163 /* MoviesListViewProtocol.swift */,
			);
			path = View;
			sourceTree = "<group>";
		};
		C4BE2A4121B5A5F500DDA163 /* Presenter */ = {
			isa = PBXGroup;
			children = (
				C4BE2A4421B5A62D00DDA163 /* MoviesListPresenter.swift */,
				C4BE2A4621B5A63800DDA163 /* MoviesListPresenterProtocol.swift */,
			);
			path = Presenter;
			sourceTree = "<group>";
		};
		C4BE2A4821B5B93000DDA163 /* Client */ = {
			isa = PBXGroup;
			children = (
				C4BE2A4921B5B93F00DDA163 /* MoviesListClient.swift */,
			);
			path = Client;
			sourceTree = "<group>";
		};
		C4BE2A5F21B6FA4800DDA163 /* CollectionViewClasses */ = {
			isa = PBXGroup;
			children = (
				C4BE2A6021B6FA6000DDA163 /* MoviesTableViewDelegate.swift */,
				C4BE2A6321B6FAA500DDA163 /* MoviesTableViewDataSource.swift */,
			);
			path = CollectionViewClasses;
			sourceTree = "<group>";
		};
		C4BE2A6721B70D4C00DDA163 /* MovieCell */ = {
			isa = PBXGroup;
			children = (
				C4BE2A6D21B7112400DDA163 /* MovieCell.xib */,
				C4BE2A6C21B7112400DDA163 /* MovieCell.swift */,
			);
			path = MovieCell;
			sourceTree = "<group>";
		};
		D0BDF0797B6C065B307F2FD6 /* Pods */ = {
			isa = PBXGroup;
			children = (
				7441659497A4173788F10266 /* Pods-TheMovsApp.debug.xcconfig */,
				BF39B3B5D5F614B1EA86B8A9 /* Pods-TheMovsApp.release.xcconfig */,
				2E261A689FD44ED3118D2189 /* Pods-TheMovsAppTests.debug.xcconfig */,
				E23EDA5CDA088B2DD15C6B4D /* Pods-TheMovsAppTests.release.xcconfig */,
				7F46CE6E043064722B41B7F0 /* Pods-TheMovsAppUITests.debug.xcconfig */,
				59FC8BBDCAAD456439A55274 /* Pods-TheMovsAppUITests.release.xcconfig */,
			);
			name = Pods;
			sourceTree = "<group>";
		};
		DE7A363EBDE8098222C07943 /* Frameworks */ = {
			isa = PBXGroup;
			children = (
				CD9BE3741990BAC59B9B2030 /* Pods_TheMovsApp.framework */,
				AFA3FCEC50B4FE1FB770DC96 /* Pods_TheMovsAppTests.framework */,
				F6818540AA66A2BD3DC0CD09 /* Pods_TheMovsAppUITests.framework */,
			);
			name = Frameworks;
			sourceTree = "<group>";
		};
/* End PBXGroup section */

/* Begin PBXNativeTarget section */
		C40B972421B16B010067A565 /* TheMovsApp */ = {
			isa = PBXNativeTarget;
			buildConfigurationList = C40B974D21B16B030067A565 /* Build configuration list for PBXNativeTarget "TheMovsApp" */;
			buildPhases = (
				486231D95D19F33D2943C706 /* [CP] Check Pods Manifest.lock */,
				C40B972121B16B010067A565 /* Sources */,
				C40B972221B16B010067A565 /* Frameworks */,
				C40B972321B16B010067A565 /* Resources */,
				5DD7963ED99D250023417B4F /* [CP] Embed Pods Frameworks */,
			);
			buildRules = (
			);
			dependencies = (
			);
			name = TheMovsApp;
			productName = TheMovsApp;
			productReference = C40B972521B16B010067A565 /* TheMovsApp.app */;
			productType = "com.apple.product-type.application";
		};
		C40B973821B16B030067A565 /* TheMovsAppTests */ = {
			isa = PBXNativeTarget;
			buildConfigurationList = C40B975021B16B030067A565 /* Build configuration list for PBXNativeTarget "TheMovsAppTests" */;
			buildPhases = (
				313690B8E74B4B3AB2BF7E01 /* [CP] Check Pods Manifest.lock */,
				C40B973521B16B030067A565 /* Sources */,
				C40B973621B16B030067A565 /* Frameworks */,
				C40B973721B16B030067A565 /* Resources */,
				D4D25E3E18F2809A0B1D35D8 /* [CP] Embed Pods Frameworks */,
			);
			buildRules = (
			);
			dependencies = (
				C40B973B21B16B030067A565 /* PBXTargetDependency */,
			);
			name = TheMovsAppTests;
			productName = TheMovsAppTests;
			productReference = C40B973921B16B030067A565 /* TheMovsAppTests.xctest */;
			productType = "com.apple.product-type.bundle.unit-test";
		};
		C40B974321B16B030067A565 /* TheMovsAppUITests */ = {
			isa = PBXNativeTarget;
			buildConfigurationList = C40B975321B16B030067A565 /* Build configuration list for PBXNativeTarget "TheMovsAppUITests" */;
			buildPhases = (
				AD0F1B20C5D7BB0AEF4C85BD /* [CP] Check Pods Manifest.lock */,
				C40B974021B16B030067A565 /* Sources */,
				C40B974121B16B030067A565 /* Frameworks */,
				C40B974221B16B030067A565 /* Resources */,
				A17BB08B9E02E0BAE4535E15 /* [CP] Embed Pods Frameworks */,
			);
			buildRules = (
			);
			dependencies = (
				C40B974621B16B030067A565 /* PBXTargetDependency */,
			);
			name = TheMovsAppUITests;
			productName = TheMovsAppUITests;
			productReference = C40B974421B16B030067A565 /* TheMovsAppUITests.xctest */;
			productType = "com.apple.product-type.bundle.ui-testing";
		};
/* End PBXNativeTarget section */

/* Begin PBXProject section */
		C40B971D21B16B010067A565 /* Project object */ = {
			isa = PBXProject;
			attributes = {
				LastSwiftUpdateCheck = 1010;
				LastUpgradeCheck = 1010;
				ORGANIZATIONNAME = "Breno Rage Aboud";
				TargetAttributes = {
					C40B972421B16B010067A565 = {
						CreatedOnToolsVersion = 10.1;
					};
					C40B973821B16B030067A565 = {
						CreatedOnToolsVersion = 10.1;
						TestTargetID = C40B972421B16B010067A565;
					};
					C40B974321B16B030067A565 = {
						CreatedOnToolsVersion = 10.1;
						TestTargetID = C40B972421B16B010067A565;
					};
				};
			};
			buildConfigurationList = C40B972021B16B010067A565 /* Build configuration list for PBXProject "TheMovsApp" */;
			compatibilityVersion = "Xcode 9.3";
			developmentRegion = en;
			hasScannedForEncodings = 0;
			knownRegions = (
				en,
				Base,
			);
			mainGroup = C40B971C21B16B010067A565;
			productRefGroup = C40B972621B16B010067A565 /* Products */;
			projectDirPath = "";
			projectRoot = "";
			targets = (
				C40B972421B16B010067A565 /* TheMovsApp */,
				C40B973821B16B030067A565 /* TheMovsAppTests */,
				C40B974321B16B030067A565 /* TheMovsAppUITests */,
			);
		};
/* End PBXProject section */

/* Begin PBXResourcesBuildPhase section */
		C40B972321B16B010067A565 /* Resources */ = {
			isa = PBXResourcesBuildPhase;
			buildActionMask = 2147483647;
			files = (
				C40B973321B16B020067A565 /* LaunchScreen.storyboard in Resources */,
				C40B973021B16B020067A565 /* Assets.xcassets in Resources */,
				C40B972E21B16B010067A565 /* Main.storyboard in Resources */,
				C4BE2A6F21B7112400DDA163 /* MovieCell.xib in Resources */,
			);
			runOnlyForDeploymentPostprocessing = 0;
		};
		C40B973721B16B030067A565 /* Resources */ = {
			isa = PBXResourcesBuildPhase;
			buildActionMask = 2147483647;
			files = (
				C4BE2A5A21B6B86F00DDA163 /* MoviesListPage2.json in Resources */,
				C4BE2A5821B6B85C00DDA163 /* MoviesListPage1.json in Resources */,
			);
			runOnlyForDeploymentPostprocessing = 0;
		};
		C40B974221B16B030067A565 /* Resources */ = {
			isa = PBXResourcesBuildPhase;
			buildActionMask = 2147483647;
			files = (
			);
			runOnlyForDeploymentPostprocessing = 0;
		};
/* End PBXResourcesBuildPhase section */

/* Begin PBXShellScriptBuildPhase section */
		313690B8E74B4B3AB2BF7E01 /* [CP] Check Pods Manifest.lock */ = {
			isa = PBXShellScriptBuildPhase;
			buildActionMask = 2147483647;
			files = (
			);
			inputFileListPaths = (
			);
			inputPaths = (
				"${PODS_PODFILE_DIR_PATH}/Podfile.lock",
				"${PODS_ROOT}/Manifest.lock",
			);
			name = "[CP] Check Pods Manifest.lock";
			outputFileListPaths = (
			);
			outputPaths = (
				"$(DERIVED_FILE_DIR)/Pods-TheMovsAppTests-checkManifestLockResult.txt",
			);
			runOnlyForDeploymentPostprocessing = 0;
			shellPath = /bin/sh;
			shellScript = "diff \"${PODS_PODFILE_DIR_PATH}/Podfile.lock\" \"${PODS_ROOT}/Manifest.lock\" > /dev/null\nif [ $? != 0 ] ; then\n    # print error to STDERR\n    echo \"error: The sandbox is not in sync with the Podfile.lock. Run 'pod install' or update your CocoaPods installation.\" >&2\n    exit 1\nfi\n# This output is used by Xcode 'outputs' to avoid re-running this script phase.\necho \"SUCCESS\" > \"${SCRIPT_OUTPUT_FILE_0}\"\n";
			showEnvVarsInLog = 0;
		};
		486231D95D19F33D2943C706 /* [CP] Check Pods Manifest.lock */ = {
			isa = PBXShellScriptBuildPhase;
			buildActionMask = 2147483647;
			files = (
			);
			inputFileListPaths = (
			);
			inputPaths = (
				"${PODS_PODFILE_DIR_PATH}/Podfile.lock",
				"${PODS_ROOT}/Manifest.lock",
			);
			name = "[CP] Check Pods Manifest.lock";
			outputFileListPaths = (
			);
			outputPaths = (
				"$(DERIVED_FILE_DIR)/Pods-TheMovsApp-checkManifestLockResult.txt",
			);
			runOnlyForDeploymentPostprocessing = 0;
			shellPath = /bin/sh;
			shellScript = "diff \"${PODS_PODFILE_DIR_PATH}/Podfile.lock\" \"${PODS_ROOT}/Manifest.lock\" > /dev/null\nif [ $? != 0 ] ; then\n    # print error to STDERR\n    echo \"error: The sandbox is not in sync with the Podfile.lock. Run 'pod install' or update your CocoaPods installation.\" >&2\n    exit 1\nfi\n# This output is used by Xcode 'outputs' to avoid re-running this script phase.\necho \"SUCCESS\" > \"${SCRIPT_OUTPUT_FILE_0}\"\n";
			showEnvVarsInLog = 0;
		};
		5DD7963ED99D250023417B4F /* [CP] Embed Pods Frameworks */ = {
			isa = PBXShellScriptBuildPhase;
			buildActionMask = 2147483647;
			files = (
			);
			inputFileListPaths = (
			);
			inputPaths = (
				"${SRCROOT}/Pods/Target Support Files/Pods-TheMovsApp/Pods-TheMovsApp-frameworks.sh",
				"${BUILT_PRODUCTS_DIR}/SnapKit/SnapKit.framework",
			);
			name = "[CP] Embed Pods Frameworks";
			outputFileListPaths = (
			);
			outputPaths = (
				"${TARGET_BUILD_DIR}/${FRAMEWORKS_FOLDER_PATH}/SnapKit.framework",
			);
			runOnlyForDeploymentPostprocessing = 0;
			shellPath = /bin/sh;
			shellScript = "\"${SRCROOT}/Pods/Target Support Files/Pods-TheMovsApp/Pods-TheMovsApp-frameworks.sh\"\n";
			showEnvVarsInLog = 0;
		};
		A17BB08B9E02E0BAE4535E15 /* [CP] Embed Pods Frameworks */ = {
			isa = PBXShellScriptBuildPhase;
			buildActionMask = 2147483647;
			files = (
			);
			inputFileListPaths = (
			);
			inputPaths = (
				"${SRCROOT}/Pods/Target Support Files/Pods-TheMovsAppUITests/Pods-TheMovsAppUITests-frameworks.sh",
				"${BUILT_PRODUCTS_DIR}/Nimble/Nimble.framework",
				"${BUILT_PRODUCTS_DIR}/Nimble-Snapshots/Nimble_Snapshots.framework",
				"${BUILT_PRODUCTS_DIR}/Quick/Quick.framework",
				"${BUILT_PRODUCTS_DIR}/iOSSnapshotTestCase/FBSnapshotTestCase.framework",
			);
			name = "[CP] Embed Pods Frameworks";
			outputFileListPaths = (
			);
			outputPaths = (
				"${TARGET_BUILD_DIR}/${FRAMEWORKS_FOLDER_PATH}/Nimble.framework",
				"${TARGET_BUILD_DIR}/${FRAMEWORKS_FOLDER_PATH}/Nimble_Snapshots.framework",
				"${TARGET_BUILD_DIR}/${FRAMEWORKS_FOLDER_PATH}/Quick.framework",
				"${TARGET_BUILD_DIR}/${FRAMEWORKS_FOLDER_PATH}/FBSnapshotTestCase.framework",
			);
			runOnlyForDeploymentPostprocessing = 0;
			shellPath = /bin/sh;
			shellScript = "\"${SRCROOT}/Pods/Target Support Files/Pods-TheMovsAppUITests/Pods-TheMovsAppUITests-frameworks.sh\"\n";
			showEnvVarsInLog = 0;
		};
		AD0F1B20C5D7BB0AEF4C85BD /* [CP] Check Pods Manifest.lock */ = {
			isa = PBXShellScriptBuildPhase;
			buildActionMask = 2147483647;
			files = (
			);
			inputFileListPaths = (
			);
			inputPaths = (
				"${PODS_PODFILE_DIR_PATH}/Podfile.lock",
				"${PODS_ROOT}/Manifest.lock",
			);
			name = "[CP] Check Pods Manifest.lock";
			outputFileListPaths = (
			);
			outputPaths = (
				"$(DERIVED_FILE_DIR)/Pods-TheMovsAppUITests-checkManifestLockResult.txt",
			);
			runOnlyForDeploymentPostprocessing = 0;
			shellPath = /bin/sh;
			shellScript = "diff \"${PODS_PODFILE_DIR_PATH}/Podfile.lock\" \"${PODS_ROOT}/Manifest.lock\" > /dev/null\nif [ $? != 0 ] ; then\n    # print error to STDERR\n    echo \"error: The sandbox is not in sync with the Podfile.lock. Run 'pod install' or update your CocoaPods installation.\" >&2\n    exit 1\nfi\n# This output is used by Xcode 'outputs' to avoid re-running this script phase.\necho \"SUCCESS\" > \"${SCRIPT_OUTPUT_FILE_0}\"\n";
			showEnvVarsInLog = 0;
		};
		D4D25E3E18F2809A0B1D35D8 /* [CP] Embed Pods Frameworks */ = {
			isa = PBXShellScriptBuildPhase;
			buildActionMask = 2147483647;
			files = (
			);
			inputFileListPaths = (
			);
			inputPaths = (
				"${SRCROOT}/Pods/Target Support Files/Pods-TheMovsAppTests/Pods-TheMovsAppTests-frameworks.sh",
				"${BUILT_PRODUCTS_DIR}/Mockingjay/Mockingjay.framework",
				"${BUILT_PRODUCTS_DIR}/Nimble/Nimble.framework",
				"${BUILT_PRODUCTS_DIR}/Nimble-Snapshots/Nimble_Snapshots.framework",
				"${BUILT_PRODUCTS_DIR}/Quick/Quick.framework",
				"${BUILT_PRODUCTS_DIR}/URITemplate/URITemplate.framework",
				"${BUILT_PRODUCTS_DIR}/iOSSnapshotTestCase/FBSnapshotTestCase.framework",
			);
			name = "[CP] Embed Pods Frameworks";
			outputFileListPaths = (
			);
			outputPaths = (
				"${TARGET_BUILD_DIR}/${FRAMEWORKS_FOLDER_PATH}/Mockingjay.framework",
				"${TARGET_BUILD_DIR}/${FRAMEWORKS_FOLDER_PATH}/Nimble.framework",
				"${TARGET_BUILD_DIR}/${FRAMEWORKS_FOLDER_PATH}/Nimble_Snapshots.framework",
				"${TARGET_BUILD_DIR}/${FRAMEWORKS_FOLDER_PATH}/Quick.framework",
				"${TARGET_BUILD_DIR}/${FRAMEWORKS_FOLDER_PATH}/URITemplate.framework",
				"${TARGET_BUILD_DIR}/${FRAMEWORKS_FOLDER_PATH}/FBSnapshotTestCase.framework",
			);
			runOnlyForDeploymentPostprocessing = 0;
			shellPath = /bin/sh;
			shellScript = "\"${SRCROOT}/Pods/Target Support Files/Pods-TheMovsAppTests/Pods-TheMovsAppTests-frameworks.sh\"\n";
			showEnvVarsInLog = 0;
		};
/* End PBXShellScriptBuildPhase section */

/* Begin PBXSourcesBuildPhase section */
		C40B972121B16B010067A565 /* Sources */ = {
			isa = PBXSourcesBuildPhase;
			buildActionMask = 2147483647;
			files = (
				52014C0121B588DD005B1481 /* HomePresenter.swift in Sources */,
				52014C0321B588EC005B1481 /* HomePresenterProtocol.swift in Sources */,
				C4BE2A3521B1759900DDA163 /* RequestResultType.swift in Sources */,
				C4BE2A5E21B6F97300DDA163 /* MoviesListView.swift in Sources */,
				52A218DC21B1724C00825CFB /* CodeView.swift in Sources */,
				52014C0B21B59B68005B1481 /* UIColor+Extension.swift in Sources */,
				52014BFF21B588B6005B1481 /* HomeViewProtocol.swift in Sources */,
				52014C0821B59ADC005B1481 /* ThemeInitializer.swift in Sources */,
				52A218DF21B1796900825CFB /* HomeViewController.swift in Sources */,
				C4BE2A4C21B5C16400DDA163 /* MovieModel.swift in Sources */,
				C4BE2A5421B5CB2D00DDA163 /* HTTPServicesProtocol.swift in Sources */,
				C40B972B21B16B010067A565 /* ViewController.swift in Sources */,
				52B2FF7521B186D90043052C /* TabBarModel.swift in Sources */,
				C4BE2A6E21B7112400DDA163 /* MovieCell.swift in Sources */,
				52014C0621B59AB3005B1481 /* Initializable.swift in Sources */,
				C4BE2A4521B5A62D00DDA163 /* MoviesListPresenter.swift in Sources */,
				C40B972921B16B010067A565 /* AppDelegate.swift in Sources */,
				C4BE2A6121B6FA6000DDA163 /* MoviesTableViewDelegate.swift in Sources */,
				C4BE2A7121B7135B00DDA163 /* UICollectionView+Extension.swift in Sources */,
				C4BE2A4A21B5B93F00DDA163 /* MoviesListClient.swift in Sources */,
				C4BE2A6621B700ED00DDA163 /* MoviesListViewProtocol.swift in Sources */,
				C4BE2A4721B5A63800DDA163 /* MoviesListPresenterProtocol.swift in Sources */,
				C4BE2A6421B6FAA500DDA163 /* MoviesTableViewDataSource.swift in Sources */,
				C4BE2A3921B1763F00DDA163 /* HTTPServices.swift in Sources */,
				C4BE2A4E21B5C19400DDA163 /* MoviesListModel.swift in Sources */,
				C4BE2A3E21B5A5E000DDA163 /* MoviesListViewController.swift in Sources */,
				C4BE2A5C21B6E0E800DDA163 /* TMDBUrl.swift in Sources */,
			);
			runOnlyForDeploymentPostprocessing = 0;
		};
		C40B973521B16B030067A565 /* Sources */ = {
			isa = PBXSourcesBuildPhase;
			buildActionMask = 2147483647;
			files = (
				C4BE2A7921B84EFB00DDA163 /* MoviesGridViewSpec.swift in Sources */,
				52014C0D21B6A8B8005B1481 /* HomeViewControllerSpec.swift in Sources */,
				C4BE2A5221B5C87200DDA163 /* MovieTests.swift in Sources */,
				C4BE2A5621B6B66600DDA163 /* MoviesClientTest.swift in Sources */,
				C4BE2A7521B829D600DDA163 /* MoviesListPresenterTest.swift in Sources */,
				C4BE2A3B21B18BFB00DDA163 /* NetworkLayerTest.swift in Sources */,
			);
			runOnlyForDeploymentPostprocessing = 0;
		};
		C40B974021B16B030067A565 /* Sources */ = {
			isa = PBXSourcesBuildPhase;
			buildActionMask = 2147483647;
			files = (
				C40B974921B16B030067A565 /* TheMovsAppUITests.swift in Sources */,
			);
			runOnlyForDeploymentPostprocessing = 0;
		};
/* End PBXSourcesBuildPhase section */

/* Begin PBXTargetDependency section */
		C40B973B21B16B030067A565 /* PBXTargetDependency */ = {
			isa = PBXTargetDependency;
			target = C40B972421B16B010067A565 /* TheMovsApp */;
			targetProxy = C40B973A21B16B030067A565 /* PBXContainerItemProxy */;
		};
		C40B974621B16B030067A565 /* PBXTargetDependency */ = {
			isa = PBXTargetDependency;
			target = C40B972421B16B010067A565 /* TheMovsApp */;
			targetProxy = C40B974521B16B030067A565 /* PBXContainerItemProxy */;
		};
/* End PBXTargetDependency section */

/* Begin PBXVariantGroup section */
		C40B972C21B16B010067A565 /* Main.storyboard */ = {
			isa = PBXVariantGroup;
			children = (
				C40B972D21B16B010067A565 /* Base */,
			);
			name = Main.storyboard;
			sourceTree = "<group>";
		};
		C40B973121B16B020067A565 /* LaunchScreen.storyboard */ = {
			isa = PBXVariantGroup;
			children = (
				C40B973221B16B020067A565 /* Base */,
			);
			name = LaunchScreen.storyboard;
			sourceTree = "<group>";
		};
/* End PBXVariantGroup section */

/* Begin XCBuildConfiguration section */
		C40B974B21B16B030067A565 /* Debug */ = {
			isa = XCBuildConfiguration;
			buildSettings = {
				ALWAYS_SEARCH_USER_PATHS = NO;
				CLANG_ANALYZER_NONNULL = YES;
				CLANG_ANALYZER_NUMBER_OBJECT_CONVERSION = YES_AGGRESSIVE;
				CLANG_CXX_LANGUAGE_STANDARD = "gnu++14";
				CLANG_CXX_LIBRARY = "libc++";
				CLANG_ENABLE_MODULES = YES;
				CLANG_ENABLE_OBJC_ARC = YES;
				CLANG_ENABLE_OBJC_WEAK = YES;
				CLANG_WARN_BLOCK_CAPTURE_AUTORELEASING = YES;
				CLANG_WARN_BOOL_CONVERSION = YES;
				CLANG_WARN_COMMA = YES;
				CLANG_WARN_CONSTANT_CONVERSION = YES;
				CLANG_WARN_DEPRECATED_OBJC_IMPLEMENTATIONS = YES;
				CLANG_WARN_DIRECT_OBJC_ISA_USAGE = YES_ERROR;
				CLANG_WARN_DOCUMENTATION_COMMENTS = YES;
				CLANG_WARN_EMPTY_BODY = YES;
				CLANG_WARN_ENUM_CONVERSION = YES;
				CLANG_WARN_INFINITE_RECURSION = YES;
				CLANG_WARN_INT_CONVERSION = YES;
				CLANG_WARN_NON_LITERAL_NULL_CONVERSION = YES;
				CLANG_WARN_OBJC_IMPLICIT_RETAIN_SELF = YES;
				CLANG_WARN_OBJC_LITERAL_CONVERSION = YES;
				CLANG_WARN_OBJC_ROOT_CLASS = YES_ERROR;
				CLANG_WARN_RANGE_LOOP_ANALYSIS = YES;
				CLANG_WARN_STRICT_PROTOTYPES = YES;
				CLANG_WARN_SUSPICIOUS_MOVE = YES;
				CLANG_WARN_UNGUARDED_AVAILABILITY = YES_AGGRESSIVE;
				CLANG_WARN_UNREACHABLE_CODE = YES;
				CLANG_WARN__DUPLICATE_METHOD_MATCH = YES;
				CODE_SIGN_IDENTITY = "iPhone Developer";
				COPY_PHASE_STRIP = NO;
				DEBUG_INFORMATION_FORMAT = dwarf;
				ENABLE_STRICT_OBJC_MSGSEND = YES;
				ENABLE_TESTABILITY = YES;
				GCC_C_LANGUAGE_STANDARD = gnu11;
				GCC_DYNAMIC_NO_PIC = NO;
				GCC_NO_COMMON_BLOCKS = YES;
				GCC_OPTIMIZATION_LEVEL = 0;
				GCC_PREPROCESSOR_DEFINITIONS = (
					"DEBUG=1",
					"$(inherited)",
				);
				GCC_WARN_64_TO_32_BIT_CONVERSION = YES;
				GCC_WARN_ABOUT_RETURN_TYPE = YES_ERROR;
				GCC_WARN_UNDECLARED_SELECTOR = YES;
				GCC_WARN_UNINITIALIZED_AUTOS = YES_AGGRESSIVE;
				GCC_WARN_UNUSED_FUNCTION = YES;
				GCC_WARN_UNUSED_VARIABLE = YES;
				IPHONEOS_DEPLOYMENT_TARGET = 12.1;
				MTL_ENABLE_DEBUG_INFO = INCLUDE_SOURCE;
				MTL_FAST_MATH = YES;
				ONLY_ACTIVE_ARCH = YES;
				SDKROOT = iphoneos;
				SWIFT_ACTIVE_COMPILATION_CONDITIONS = DEBUG;
				SWIFT_OPTIMIZATION_LEVEL = "-Onone";
			};
			name = Debug;
		};
		C40B974C21B16B030067A565 /* Release */ = {
			isa = XCBuildConfiguration;
			buildSettings = {
				ALWAYS_SEARCH_USER_PATHS = NO;
				CLANG_ANALYZER_NONNULL = YES;
				CLANG_ANALYZER_NUMBER_OBJECT_CONVERSION = YES_AGGRESSIVE;
				CLANG_CXX_LANGUAGE_STANDARD = "gnu++14";
				CLANG_CXX_LIBRARY = "libc++";
				CLANG_ENABLE_MODULES = YES;
				CLANG_ENABLE_OBJC_ARC = YES;
				CLANG_ENABLE_OBJC_WEAK = YES;
				CLANG_WARN_BLOCK_CAPTURE_AUTORELEASING = YES;
				CLANG_WARN_BOOL_CONVERSION = YES;
				CLANG_WARN_COMMA = YES;
				CLANG_WARN_CONSTANT_CONVERSION = YES;
				CLANG_WARN_DEPRECATED_OBJC_IMPLEMENTATIONS = YES;
				CLANG_WARN_DIRECT_OBJC_ISA_USAGE = YES_ERROR;
				CLANG_WARN_DOCUMENTATION_COMMENTS = YES;
				CLANG_WARN_EMPTY_BODY = YES;
				CLANG_WARN_ENUM_CONVERSION = YES;
				CLANG_WARN_INFINITE_RECURSION = YES;
				CLANG_WARN_INT_CONVERSION = YES;
				CLANG_WARN_NON_LITERAL_NULL_CONVERSION = YES;
				CLANG_WARN_OBJC_IMPLICIT_RETAIN_SELF = YES;
				CLANG_WARN_OBJC_LITERAL_CONVERSION = YES;
				CLANG_WARN_OBJC_ROOT_CLASS = YES_ERROR;
				CLANG_WARN_RANGE_LOOP_ANALYSIS = YES;
				CLANG_WARN_STRICT_PROTOTYPES = YES;
				CLANG_WARN_SUSPICIOUS_MOVE = YES;
				CLANG_WARN_UNGUARDED_AVAILABILITY = YES_AGGRESSIVE;
				CLANG_WARN_UNREACHABLE_CODE = YES;
				CLANG_WARN__DUPLICATE_METHOD_MATCH = YES;
				CODE_SIGN_IDENTITY = "iPhone Developer";
				COPY_PHASE_STRIP = NO;
				DEBUG_INFORMATION_FORMAT = "dwarf-with-dsym";
				ENABLE_NS_ASSERTIONS = NO;
				ENABLE_STRICT_OBJC_MSGSEND = YES;
				GCC_C_LANGUAGE_STANDARD = gnu11;
				GCC_NO_COMMON_BLOCKS = YES;
				GCC_WARN_64_TO_32_BIT_CONVERSION = YES;
				GCC_WARN_ABOUT_RETURN_TYPE = YES_ERROR;
				GCC_WARN_UNDECLARED_SELECTOR = YES;
				GCC_WARN_UNINITIALIZED_AUTOS = YES_AGGRESSIVE;
				GCC_WARN_UNUSED_FUNCTION = YES;
				GCC_WARN_UNUSED_VARIABLE = YES;
				IPHONEOS_DEPLOYMENT_TARGET = 12.1;
				MTL_ENABLE_DEBUG_INFO = NO;
				MTL_FAST_MATH = YES;
				SDKROOT = iphoneos;
				SWIFT_COMPILATION_MODE = wholemodule;
				SWIFT_OPTIMIZATION_LEVEL = "-O";
				VALIDATE_PRODUCT = YES;
			};
			name = Release;
		};
		C40B974E21B16B030067A565 /* Debug */ = {
			isa = XCBuildConfiguration;
			baseConfigurationReference = 7441659497A4173788F10266 /* Pods-TheMovsApp.debug.xcconfig */;
			buildSettings = {
				ASSETCATALOG_COMPILER_APPICON_NAME = AppIcon;
				CODE_SIGN_STYLE = Automatic;
				DEVELOPMENT_TEAM = 2FKBPG5826;
				INFOPLIST_FILE = "$(SRCROOT)/TheMovsApp/SupportingFiles/Info.plist";
				LD_RUNPATH_SEARCH_PATHS = (
					"$(inherited)",
					"@executable_path/Frameworks",
				);
				PRODUCT_BUNDLE_IDENTIFIER = com.brenorage.testSample.TheMovsApp;
				PRODUCT_NAME = "$(TARGET_NAME)";
				SWIFT_VERSION = 4.2;
				TARGETED_DEVICE_FAMILY = "1,2";
			};
			name = Debug;
		};
		C40B974F21B16B030067A565 /* Release */ = {
			isa = XCBuildConfiguration;
			baseConfigurationReference = BF39B3B5D5F614B1EA86B8A9 /* Pods-TheMovsApp.release.xcconfig */;
			buildSettings = {
				ASSETCATALOG_COMPILER_APPICON_NAME = AppIcon;
				CODE_SIGN_STYLE = Automatic;
				DEVELOPMENT_TEAM = 2FKBPG5826;
				INFOPLIST_FILE = "$(SRCROOT)/TheMovsApp/SupportingFiles/Info.plist";
				LD_RUNPATH_SEARCH_PATHS = (
					"$(inherited)",
					"@executable_path/Frameworks",
				);
				PRODUCT_BUNDLE_IDENTIFIER = com.brenorage.testSample.TheMovsApp;
				PRODUCT_NAME = "$(TARGET_NAME)";
				SWIFT_VERSION = 4.2;
				TARGETED_DEVICE_FAMILY = "1,2";
			};
			name = Release;
		};
		C40B975121B16B030067A565 /* Debug */ = {
			isa = XCBuildConfiguration;
			baseConfigurationReference = 2E261A689FD44ED3118D2189 /* Pods-TheMovsAppTests.debug.xcconfig */;
			buildSettings = {
				ALWAYS_EMBED_SWIFT_STANDARD_LIBRARIES = YES;
				BUNDLE_LOADER = "$(TEST_HOST)";
				CODE_SIGN_STYLE = Automatic;
				INFOPLIST_FILE = TheMovsAppTests/Info.plist;
				LD_RUNPATH_SEARCH_PATHS = (
					"$(inherited)",
					"@executable_path/Frameworks",
					"@loader_path/Frameworks",
				);
				PRODUCT_BUNDLE_IDENTIFIER = com.brenorage.testSample.TheMovsAppTests;
				PRODUCT_NAME = "$(TARGET_NAME)";
				SWIFT_VERSION = 4.2;
				TARGETED_DEVICE_FAMILY = "1,2";
				TEST_HOST = "$(BUILT_PRODUCTS_DIR)/TheMovsApp.app/TheMovsApp";
			};
			name = Debug;
		};
		C40B975221B16B030067A565 /* Release */ = {
			isa = XCBuildConfiguration;
			baseConfigurationReference = E23EDA5CDA088B2DD15C6B4D /* Pods-TheMovsAppTests.release.xcconfig */;
			buildSettings = {
				ALWAYS_EMBED_SWIFT_STANDARD_LIBRARIES = YES;
				BUNDLE_LOADER = "$(TEST_HOST)";
				CODE_SIGN_STYLE = Automatic;
				INFOPLIST_FILE = TheMovsAppTests/Info.plist;
				LD_RUNPATH_SEARCH_PATHS = (
					"$(inherited)",
					"@executable_path/Frameworks",
					"@loader_path/Frameworks",
				);
				PRODUCT_BUNDLE_IDENTIFIER = com.brenorage.testSample.TheMovsAppTests;
				PRODUCT_NAME = "$(TARGET_NAME)";
				SWIFT_VERSION = 4.2;
				TARGETED_DEVICE_FAMILY = "1,2";
				TEST_HOST = "$(BUILT_PRODUCTS_DIR)/TheMovsApp.app/TheMovsApp";
			};
			name = Release;
		};
		C40B975421B16B030067A565 /* Debug */ = {
			isa = XCBuildConfiguration;
			baseConfigurationReference = 7F46CE6E043064722B41B7F0 /* Pods-TheMovsAppUITests.debug.xcconfig */;
			buildSettings = {
				ALWAYS_EMBED_SWIFT_STANDARD_LIBRARIES = YES;
				CODE_SIGN_STYLE = Automatic;
				DEVELOPMENT_TEAM = 2FKBPG5826;
				INFOPLIST_FILE = TheMovsAppUITests/Info.plist;
				LD_RUNPATH_SEARCH_PATHS = (
					"$(inherited)",
					"@executable_path/Frameworks",
					"@loader_path/Frameworks",
				);
				PRODUCT_BUNDLE_IDENTIFIER = com.brenorage.testSample.TheMovsAppUITests;
				PRODUCT_NAME = "$(TARGET_NAME)";
				SWIFT_VERSION = 4.2;
				TARGETED_DEVICE_FAMILY = "1,2";
				TEST_TARGET_NAME = TheMovsApp;
			};
			name = Debug;
		};
		C40B975521B16B030067A565 /* Release */ = {
			isa = XCBuildConfiguration;
			baseConfigurationReference = 59FC8BBDCAAD456439A55274 /* Pods-TheMovsAppUITests.release.xcconfig */;
			buildSettings = {
				ALWAYS_EMBED_SWIFT_STANDARD_LIBRARIES = YES;
				CODE_SIGN_STYLE = Automatic;
				DEVELOPMENT_TEAM = 2FKBPG5826;
				INFOPLIST_FILE = TheMovsAppUITests/Info.plist;
				LD_RUNPATH_SEARCH_PATHS = (
					"$(inherited)",
					"@executable_path/Frameworks",
					"@loader_path/Frameworks",
				);
				PRODUCT_BUNDLE_IDENTIFIER = com.brenorage.testSample.TheMovsAppUITests;
				PRODUCT_NAME = "$(TARGET_NAME)";
				SWIFT_VERSION = 4.2;
				TARGETED_DEVICE_FAMILY = "1,2";
				TEST_TARGET_NAME = TheMovsApp;
			};
			name = Release;
		};
/* End XCBuildConfiguration section */

/* Begin XCConfigurationList section */
		C40B972021B16B010067A565 /* Build configuration list for PBXProject "TheMovsApp" */ = {
			isa = XCConfigurationList;
			buildConfigurations = (
				C40B974B21B16B030067A565 /* Debug */,
				C40B974C21B16B030067A565 /* Release */,
			);
			defaultConfigurationIsVisible = 0;
			defaultConfigurationName = Release;
		};
		C40B974D21B16B030067A565 /* Build configuration list for PBXNativeTarget "TheMovsApp" */ = {
			isa = XCConfigurationList;
			buildConfigurations = (
				C40B974E21B16B030067A565 /* Debug */,
				C40B974F21B16B030067A565 /* Release */,
			);
			defaultConfigurationIsVisible = 0;
			defaultConfigurationName = Release;
		};
		C40B975021B16B030067A565 /* Build configuration list for PBXNativeTarget "TheMovsAppTests" */ = {
			isa = XCConfigurationList;
			buildConfigurations = (
				C40B975121B16B030067A565 /* Debug */,
				C40B975221B16B030067A565 /* Release */,
			);
			defaultConfigurationIsVisible = 0;
			defaultConfigurationName = Release;
		};
		C40B975321B16B030067A565 /* Build configuration list for PBXNativeTarget "TheMovsAppUITests" */ = {
			isa = XCConfigurationList;
			buildConfigurations = (
				C40B975421B16B030067A565 /* Debug */,
				C40B975521B16B030067A565 /* Release */,
			);
			defaultConfigurationIsVisible = 0;
			defaultConfigurationName = Release;
		};
/* End XCConfigurationList section */
	};
	rootObject = C40B971D21B16B010067A565 /* Project object */;
}
