// !$*UTF8*$!
{
	archiveVersion = 1;
	classes = {
	};
	objectVersion = 50;
	objects = {

/* Begin PBXBuildFile section */
		C40B972921B16B010067A565 /* AppDelegate.swift in Sources */ = {isa = PBXBuildFile; fileRef = C40B972821B16B010067A565 /* AppDelegate.swift */; };
		C40B972B21B16B010067A565 /* ViewController.swift in Sources */ = {isa = PBXBuildFile; fileRef = C40B972A21B16B010067A565 /* ViewController.swift */; };
		C40B972E21B16B010067A565 /* Main.storyboard in Resources */ = {isa = PBXBuildFile; fileRef = C40B972C21B16B010067A565 /* Main.storyboard */; };
		C40B973021B16B020067A565 /* Assets.xcassets in Resources */ = {isa = PBXBuildFile; fileRef = C40B972F21B16B020067A565 /* Assets.xcassets */; };
		C40B973321B16B020067A565 /* LaunchScreen.storyboard in Resources */ = {isa = PBXBuildFile; fileRef = C40B973121B16B020067A565 /* LaunchScreen.storyboard */; };
		C40B973E21B16B030067A565 /* TheMovsAppTests.swift in Sources */ = {isa = PBXBuildFile; fileRef = C40B973D21B16B030067A565 /* TheMovsAppTests.swift */; };
		C40B974921B16B030067A565 /* TheMovsAppUITests.swift in Sources */ = {isa = PBXBuildFile; fileRef = C40B974821B16B030067A565 /* TheMovsAppUITests.swift */; };
/* End PBXBuildFile section */

/* Begin PBXContainerItemProxy section */
		C40B973A21B16B030067A565 /* PBXContainerItemProxy */ = {
			isa = PBXContainerItemProxy;
			containerPortal = C40B971D21B16B010067A565 /* Project object */;
			proxyType = 1;
			remoteGlobalIDString = C40B972421B16B010067A565;
			remoteInfo = TheMovsApp;
		};
		C40B974521B16B030067A565 /* PBXContainerItemProxy */ = {
			isa = PBXContainerItemProxy;
			containerPortal = C40B971D21B16B010067A565 /* Project object */;
			proxyType = 1;
			remoteGlobalIDString = C40B972421B16B010067A565;
			remoteInfo = TheMovsApp;
		};
/* End PBXContainerItemProxy section */

/* Begin PBXFileReference section */
		C40B972521B16B010067A565 /* TheMovsApp.app */ = {isa = PBXFileReference; explicitFileType = wrapper.application; includeInIndex = 0; path = TheMovsApp.app; sourceTree = BUILT_PRODUCTS_DIR; };
		C40B972821B16B010067A565 /* AppDelegate.swift */ = {isa = PBXFileReference; lastKnownFileType = sourcecode.swift; path = AppDelegate.swift; sourceTree = "<group>"; };
		C40B972A21B16B010067A565 /* ViewController.swift */ = {isa = PBXFileReference; lastKnownFileType = sourcecode.swift; path = ViewController.swift; sourceTree = "<group>"; };
		C40B972D21B16B010067A565 /* Base */ = {isa = PBXFileReference; lastKnownFileType = file.storyboard; name = Base; path = Base.lproj/Main.storyboard; sourceTree = "<group>"; };
		C40B972F21B16B020067A565 /* Assets.xcassets */ = {isa = PBXFileReference; lastKnownFileType = folder.assetcatalog; path = Assets.xcassets; sourceTree = "<group>"; };
		C40B973221B16B020067A565 /* Base */ = {isa = PBXFileReference; lastKnownFileType = file.storyboard; name = Base; path = Base.lproj/LaunchScreen.storyboard; sourceTree = "<group>"; };
		C40B973421B16B020067A565 /* Info.plist */ = {isa = PBXFileReference; lastKnownFileType = text.plist.xml; path = Info.plist; sourceTree = "<group>"; };
		C40B973921B16B030067A565 /* TheMovsAppTests.xctest */ = {isa = PBXFileReference; explicitFileType = wrapper.cfbundle; includeInIndex = 0; path = TheMovsAppTests.xctest; sourceTree = BUILT_PRODUCTS_DIR; };
		C40B973D21B16B030067A565 /* TheMovsAppTests.swift */ = {isa = PBXFileReference; lastKnownFileType = sourcecode.swift; path = TheMovsAppTests.swift; sourceTree = "<group>"; };
		C40B973F21B16B030067A565 /* Info.plist */ = {isa = PBXFileReference; lastKnownFileType = text.plist.xml; path = Info.plist; sourceTree = "<group>"; };
		C40B974421B16B030067A565 /* TheMovsAppUITests.xctest */ = {isa = PBXFileReference; explicitFileType = wrapper.cfbundle; includeInIndex = 0; path = TheMovsAppUITests.xctest; sourceTree = BUILT_PRODUCTS_DIR; };
		C40B974821B16B030067A565 /* TheMovsAppUITests.swift */ = {isa = PBXFileReference; lastKnownFileType = sourcecode.swift; path = TheMovsAppUITests.swift; sourceTree = "<group>"; };
		C40B974A21B16B030067A565 /* Info.plist */ = {isa = PBXFileReference; lastKnownFileType = text.plist.xml; path = Info.plist; sourceTree = "<group>"; };
/* End PBXFileReference section */

/* Begin PBXFrameworksBuildPhase section */
		C40B972221B16B010067A565 /* Frameworks */ = {
			isa = PBXFrameworksBuildPhase;
			buildActionMask = 2147483647;
			files = (
			);
			runOnlyForDeploymentPostprocessing = 0;
		};
		C40B973621B16B030067A565 /* Frameworks */ = {
			isa = PBXFrameworksBuildPhase;
			buildActionMask = 2147483647;
			files = (
			);
			runOnlyForDeploymentPostprocessing = 0;
		};
		C40B974121B16B030067A565 /* Frameworks */ = {
			isa = PBXFrameworksBuildPhase;
			buildActionMask = 2147483647;
			files = (
			);
			runOnlyForDeploymentPostprocessing = 0;
		};
/* End PBXFrameworksBuildPhase section */

/* Begin PBXGroup section */
		C40B971C21B16B010067A565 = {
			isa = PBXGroup;
			children = (
				C40B972721B16B010067A565 /* TheMovsApp */,
				C40B973C21B16B030067A565 /* TheMovsAppTests */,
				C40B974721B16B030067A565 /* TheMovsAppUITests */,
				C40B972621B16B010067A565 /* Products */,
			);
			sourceTree = "<group>";
		};
		C40B972621B16B010067A565 /* Products */ = {
			isa = PBXGroup;
			children = (
				C40B972521B16B010067A565 /* TheMovsApp.app */,
				C40B973921B16B030067A565 /* TheMovsAppTests.xctest */,
				C40B974421B16B030067A565 /* TheMovsAppUITests.xctest */,
			);
			name = Products;
			sourceTree = "<group>";
		};
		C40B972721B16B010067A565 /* TheMovsApp */ = {
			isa = PBXGroup;
			children = (
				C40B972821B16B010067A565 /* AppDelegate.swift */,
				C40B972A21B16B010067A565 /* ViewController.swift */,
				C40B972C21B16B010067A565 /* Main.storyboard */,
				C40B972F21B16B020067A565 /* Assets.xcassets */,
				C40B973121B16B020067A565 /* LaunchScreen.storyboard */,
				C40B973421B16B020067A565 /* Info.plist */,
			);
			path = TheMovsApp;
			sourceTree = "<group>";
		};
		C40B973C21B16B030067A565 /* TheMovsAppTests */ = {
			isa = PBXGroup;
			children = (
				C40B973D21B16B030067A565 /* TheMovsAppTests.swift */,
				C40B973F21B16B030067A565 /* Info.plist */,
			);
			path = TheMovsAppTests;
			sourceTree = "<group>";
		};
		C40B974721B16B030067A565 /* TheMovsAppUITests */ = {
			isa = PBXGroup;
			children = (
				C40B974821B16B030067A565 /* TheMovsAppUITests.swift */,
				C40B974A21B16B030067A565 /* Info.plist */,
			);
			path = TheMovsAppUITests;
			sourceTree = "<group>";
		};
/* End PBXGroup section */

/* Begin PBXNativeTarget section */
		C40B972421B16B010067A565 /* TheMovsApp */ = {
			isa = PBXNativeTarget;
			buildConfigurationList = C40B974D21B16B030067A565 /* Build configuration list for PBXNativeTarget "TheMovsApp" */;
			buildPhases = (
				C40B972121B16B010067A565 /* Sources */,
				C40B972221B16B010067A565 /* Frameworks */,
				C40B972321B16B010067A565 /* Resources */,
			);
			buildRules = (
			);
			dependencies = (
			);
			name = TheMovsApp;
			productName = TheMovsApp;
			productReference = C40B972521B16B010067A565 /* TheMovsApp.app */;
			productType = "com.apple.product-type.application";
		};
		C40B973821B16B030067A565 /* TheMovsAppTests */ = {
			isa = PBXNativeTarget;
			buildConfigurationList = C40B975021B16B030067A565 /* Build configuration list for PBXNativeTarget "TheMovsAppTests" */;
			buildPhases = (
				C40B973521B16B030067A565 /* Sources */,
				C40B973621B16B030067A565 /* Frameworks */,
				C40B973721B16B030067A565 /* Resources */,
			);
			buildRules = (
			);
			dependencies = (
				C40B973B21B16B030067A565 /* PBXTargetDependency */,
			);
			name = TheMovsAppTests;
			productName = TheMovsAppTests;
			productReference = C40B973921B16B030067A565 /* TheMovsAppTests.xctest */;
			productType = "com.apple.product-type.bundle.unit-test";
		};
		C40B974321B16B030067A565 /* TheMovsAppUITests */ = {
			isa = PBXNativeTarget;
			buildConfigurationList = C40B975321B16B030067A565 /* Build configuration list for PBXNativeTarget "TheMovsAppUITests" */;
			buildPhases = (
				C40B974021B16B030067A565 /* Sources */,
				C40B974121B16B030067A565 /* Frameworks */,
				C40B974221B16B030067A565 /* Resources */,
			);
			buildRules = (
			);
			dependencies = (
				C40B974621B16B030067A565 /* PBXTargetDependency */,
			);
			name = TheMovsAppUITests;
			productName = TheMovsAppUITests;
			productReference = C40B974421B16B030067A565 /* TheMovsAppUITests.xctest */;
			productType = "com.apple.product-type.bundle.ui-testing";
		};
/* End PBXNativeTarget section */

/* Begin PBXProject section */
		C40B971D21B16B010067A565 /* Project object */ = {
			isa = PBXProject;
			attributes = {
				LastSwiftUpdateCheck = 1010;
				LastUpgradeCheck = 1010;
				ORGANIZATIONNAME = "Breno Rage Aboud";
				TargetAttributes = {
					C40B972421B16B010067A565 = {
						CreatedOnToolsVersion = 10.1;
					};
					C40B973821B16B030067A565 = {
						CreatedOnToolsVersion = 10.1;
						TestTargetID = C40B972421B16B010067A565;
					};
					C40B974321B16B030067A565 = {
						CreatedOnToolsVersion = 10.1;
						TestTargetID = C40B972421B16B010067A565;
					};
				};
			};
			buildConfigurationList = C40B972021B16B010067A565 /* Build configuration list for PBXProject "TheMovsApp" */;
			compatibilityVersion = "Xcode 9.3";
			developmentRegion = en;
			hasScannedForEncodings = 0;
			knownRegions = (
				en,
				Base,
			);
			mainGroup = C40B971C21B16B010067A565;
			productRefGroup = C40B972621B16B010067A565 /* Products */;
			projectDirPath = "";
			projectRoot = "";
			targets = (
				C40B972421B16B010067A565 /* TheMovsApp */,
				C40B973821B16B030067A565 /* TheMovsAppTests */,
				C40B974321B16B030067A565 /* TheMovsAppUITests */,
			);
		};
/* End PBXProject section */

/* Begin PBXResourcesBuildPhase section */
		C40B972321B16B010067A565 /* Resources */ = {
			isa = PBXResourcesBuildPhase;
			buildActionMask = 2147483647;
			files = (
				C40B973321B16B020067A565 /* LaunchScreen.storyboard in Resources */,
				C40B973021B16B020067A565 /* Assets.xcassets in Resources */,
				C40B972E21B16B010067A565 /* Main.storyboard in Resources */,
			);
			runOnlyForDeploymentPostprocessing = 0;
		};
		C40B973721B16B030067A565 /* Resources */ = {
			isa = PBXResourcesBuildPhase;
			buildActionMask = 2147483647;
			files = (
			);
			runOnlyForDeploymentPostprocessing = 0;
		};
		C40B974221B16B030067A565 /* Resources */ = {
			isa = PBXResourcesBuildPhase;
			buildActionMask = 2147483647;
			files = (
			);
			runOnlyForDeploymentPostprocessing = 0;
		};
/* End PBXResourcesBuildPhase section */

/* Begin PBXSourcesBuildPhase section */
		C40B972121B16B010067A565 /* Sources */ = {
			isa = PBXSourcesBuildPhase;
			buildActionMask = 2147483647;
			files = (
				C40B972B21B16B010067A565 /* ViewController.swift in Sources */,
				C40B972921B16B010067A565 /* AppDelegate.swift in Sources */,
			);
			runOnlyForDeploymentPostprocessing = 0;
		};
		C40B973521B16B030067A565 /* Sources */ = {
			isa = PBXSourcesBuildPhase;
			buildActionMask = 2147483647;
			files = (
				C40B973E21B16B030067A565 /* TheMovsAppTests.swift in Sources */,
			);
			runOnlyForDeploymentPostprocessing = 0;
		};
		C40B974021B16B030067A565 /* Sources */ = {
			isa = PBXSourcesBuildPhase;
			buildActionMask = 2147483647;
			files = (
				C40B974921B16B030067A565 /* TheMovsAppUITests.swift in Sources */,
			);
			runOnlyForDeploymentPostprocessing = 0;
		};
/* End PBXSourcesBuildPhase section */

/* Begin PBXTargetDependency section */
		C40B973B21B16B030067A565 /* PBXTargetDependency */ = {
			isa = PBXTargetDependency;
			target = C40B972421B16B010067A565 /* TheMovsApp */;
			targetProxy = C40B973A21B16B030067A565 /* PBXContainerItemProxy */;
		};
		C40B974621B16B030067A565 /* PBXTargetDependency */ = {
			isa = PBXTargetDependency;
			target = C40B972421B16B010067A565 /* TheMovsApp */;
			targetProxy = C40B974521B16B030067A565 /* PBXContainerItemProxy */;
		};
/* End PBXTargetDependency section */

/* Begin PBXVariantGroup section */
		C40B972C21B16B010067A565 /* Main.storyboard */ = {
			isa = PBXVariantGroup;
			children = (
				C40B972D21B16B010067A565 /* Base */,
			);
			name = Main.storyboard;
			sourceTree = "<group>";
		};
		C40B973121B16B020067A565 /* LaunchScreen.storyboard */ = {
			isa = PBXVariantGroup;
			children = (
				C40B973221B16B020067A565 /* Base */,
			);
			name = LaunchScreen.storyboard;
			sourceTree = "<group>";
		};
/* End PBXVariantGroup section */

/* Begin XCBuildConfiguration section */
		C40B974B21B16B030067A565 /* Debug */ = {
			isa = XCBuildConfiguration;
			buildSettings = {
				ALWAYS_SEARCH_USER_PATHS = NO;
				CLANG_ANALYZER_NONNULL = YES;
				CLANG_ANALYZER_NUMBER_OBJECT_CONVERSION = YES_AGGRESSIVE;
				CLANG_CXX_LANGUAGE_STANDARD = "gnu++14";
				CLANG_CXX_LIBRARY = "libc++";
				CLANG_ENABLE_MODULES = YES;
				CLANG_ENABLE_OBJC_ARC = YES;
				CLANG_ENABLE_OBJC_WEAK = YES;
				CLANG_WARN_BLOCK_CAPTURE_AUTORELEASING = YES;
				CLANG_WARN_BOOL_CONVERSION = YES;
				CLANG_WARN_COMMA = YES;
				CLANG_WARN_CONSTANT_CONVERSION = YES;
				CLANG_WARN_DEPRECATED_OBJC_IMPLEMENTATIONS = YES;
				CLANG_WARN_DIRECT_OBJC_ISA_USAGE = YES_ERROR;
				CLANG_WARN_DOCUMENTATION_COMMENTS = YES;
				CLANG_WARN_EMPTY_BODY = YES;
				CLANG_WARN_ENUM_CONVERSION = YES;
				CLANG_WARN_INFINITE_RECURSION = YES;
				CLANG_WARN_INT_CONVERSION = YES;
				CLANG_WARN_NON_LITERAL_NULL_CONVERSION = YES;
				CLANG_WARN_OBJC_IMPLICIT_RETAIN_SELF = YES;
				CLANG_WARN_OBJC_LITERAL_CONVERSION = YES;
				CLANG_WARN_OBJC_ROOT_CLASS = YES_ERROR;
				CLANG_WARN_RANGE_LOOP_ANALYSIS = YES;
				CLANG_WARN_STRICT_PROTOTYPES = YES;
				CLANG_WARN_SUSPICIOUS_MOVE = YES;
				CLANG_WARN_UNGUARDED_AVAILABILITY = YES_AGGRESSIVE;
				CLANG_WARN_UNREACHABLE_CODE = YES;
				CLANG_WARN__DUPLICATE_METHOD_MATCH = YES;
				CODE_SIGN_IDENTITY = "iPhone Developer";
				COPY_PHASE_STRIP = NO;
				DEBUG_INFORMATION_FORMAT = dwarf;
				ENABLE_STRICT_OBJC_MSGSEND = YES;
				ENABLE_TESTABILITY = YES;
				GCC_C_LANGUAGE_STANDARD = gnu11;
				GCC_DYNAMIC_NO_PIC = NO;
				GCC_NO_COMMON_BLOCKS = YES;
				GCC_OPTIMIZATION_LEVEL = 0;
				GCC_PREPROCESSOR_DEFINITIONS = (
					"DEBUG=1",
					"$(inherited)",
				);
				GCC_WARN_64_TO_32_BIT_CONVERSION = YES;
				GCC_WARN_ABOUT_RETURN_TYPE = YES_ERROR;
				GCC_WARN_UNDECLARED_SELECTOR = YES;
				GCC_WARN_UNINITIALIZED_AUTOS = YES_AGGRESSIVE;
				GCC_WARN_UNUSED_FUNCTION = YES;
				GCC_WARN_UNUSED_VARIABLE = YES;
				IPHONEOS_DEPLOYMENT_TARGET = 12.1;
				MTL_ENABLE_DEBUG_INFO = INCLUDE_SOURCE;
				MTL_FAST_MATH = YES;
				ONLY_ACTIVE_ARCH = YES;
				SDKROOT = iphoneos;
				SWIFT_ACTIVE_COMPILATION_CONDITIONS = DEBUG;
				SWIFT_OPTIMIZATION_LEVEL = "-Onone";
			};
			name = Debug;
		};
		C40B974C21B16B030067A565 /* Release */ = {
			isa = XCBuildConfiguration;
			buildSettings = {
				ALWAYS_SEARCH_USER_PATHS = NO;
				CLANG_ANALYZER_NONNULL = YES;
				CLANG_ANALYZER_NUMBER_OBJECT_CONVERSION = YES_AGGRESSIVE;
				CLANG_CXX_LANGUAGE_STANDARD = "gnu++14";
				CLANG_CXX_LIBRARY = "libc++";
				CLANG_ENABLE_MODULES = YES;
				CLANG_ENABLE_OBJC_ARC = YES;
				CLANG_ENABLE_OBJC_WEAK = YES;
				CLANG_WARN_BLOCK_CAPTURE_AUTORELEASING = YES;
				CLANG_WARN_BOOL_CONVERSION = YES;
				CLANG_WARN_COMMA = YES;
				CLANG_WARN_CONSTANT_CONVERSION = YES;
				CLANG_WARN_DEPRECATED_OBJC_IMPLEMENTATIONS = YES;
				CLANG_WARN_DIRECT_OBJC_ISA_USAGE = YES_ERROR;
				CLANG_WARN_DOCUMENTATION_COMMENTS = YES;
				CLANG_WARN_EMPTY_BODY = YES;
				CLANG_WARN_ENUM_CONVERSION = YES;
				CLANG_WARN_INFINITE_RECURSION = YES;
				CLANG_WARN_INT_CONVERSION = YES;
				CLANG_WARN_NON_LITERAL_NULL_CONVERSION = YES;
				CLANG_WARN_OBJC_IMPLICIT_RETAIN_SELF = YES;
				CLANG_WARN_OBJC_LITERAL_CONVERSION = YES;
				CLANG_WARN_OBJC_ROOT_CLASS = YES_ERROR;
				CLANG_WARN_RANGE_LOOP_ANALYSIS = YES;
				CLANG_WARN_STRICT_PROTOTYPES = YES;
				CLANG_WARN_SUSPICIOUS_MOVE = YES;
				CLANG_WARN_UNGUARDED_AVAILABILITY = YES_AGGRESSIVE;
				CLANG_WARN_UNREACHABLE_CODE = YES;
				CLANG_WARN__DUPLICATE_METHOD_MATCH = YES;
				CODE_SIGN_IDENTITY = "iPhone Developer";
				COPY_PHASE_STRIP = NO;
				DEBUG_INFORMATION_FORMAT = "dwarf-with-dsym";
				ENABLE_NS_ASSERTIONS = NO;
				ENABLE_STRICT_OBJC_MSGSEND = YES;
				GCC_C_LANGUAGE_STANDARD = gnu11;
				GCC_NO_COMMON_BLOCKS = YES;
				GCC_WARN_64_TO_32_BIT_CONVERSION = YES;
				GCC_WARN_ABOUT_RETURN_TYPE = YES_ERROR;
				GCC_WARN_UNDECLARED_SELECTOR = YES;
				GCC_WARN_UNINITIALIZED_AUTOS = YES_AGGRESSIVE;
				GCC_WARN_UNUSED_FUNCTION = YES;
				GCC_WARN_UNUSED_VARIABLE = YES;
				IPHONEOS_DEPLOYMENT_TARGET = 12.1;
				MTL_ENABLE_DEBUG_INFO = NO;
				MTL_FAST_MATH = YES;
				SDKROOT = iphoneos;
				SWIFT_COMPILATION_MODE = wholemodule;
				SWIFT_OPTIMIZATION_LEVEL = "-O";
				VALIDATE_PRODUCT = YES;
			};
			name = Release;
		};
		C40B974E21B16B030067A565 /* Debug */ = {
			isa = XCBuildConfiguration;
			buildSettings = {
				ASSETCATALOG_COMPILER_APPICON_NAME = AppIcon;
				CODE_SIGN_STYLE = Automatic;
				DEVELOPMENT_TEAM = 2FKBPG5826;
				INFOPLIST_FILE = TheMovsApp/Info.plist;
				LD_RUNPATH_SEARCH_PATHS = (
					"$(inherited)",
					"@executable_path/Frameworks",
				);
				PRODUCT_BUNDLE_IDENTIFIER = com.brenorage.testSample.TheMovsApp;
				PRODUCT_NAME = "$(TARGET_NAME)";
				SWIFT_VERSION = 4.2;
				TARGETED_DEVICE_FAMILY = "1,2";
			};
			name = Debug;
		};
		C40B974F21B16B030067A565 /* Release */ = {
			isa = XCBuildConfiguration;
			buildSettings = {
				ASSETCATALOG_COMPILER_APPICON_NAME = AppIcon;
				CODE_SIGN_STYLE = Automatic;
				DEVELOPMENT_TEAM = 2FKBPG5826;
				INFOPLIST_FILE = TheMovsApp/Info.plist;
				LD_RUNPATH_SEARCH_PATHS = (
					"$(inherited)",
					"@executable_path/Frameworks",
				);
				PRODUCT_BUNDLE_IDENTIFIER = com.brenorage.testSample.TheMovsApp;
				PRODUCT_NAME = "$(TARGET_NAME)";
				SWIFT_VERSION = 4.2;
				TARGETED_DEVICE_FAMILY = "1,2";
			};
			name = Release;
		};
		C40B975121B16B030067A565 /* Debug */ = {
			isa = XCBuildConfiguration;
			buildSettings = {
				ALWAYS_EMBED_SWIFT_STANDARD_LIBRARIES = YES;
				BUNDLE_LOADER = "$(TEST_HOST)";
				CODE_SIGN_STYLE = Automatic;
				INFOPLIST_FILE = TheMovsAppTests/Info.plist;
				LD_RUNPATH_SEARCH_PATHS = (
					"$(inherited)",
					"@executable_path/Frameworks",
					"@loader_path/Frameworks",
				);
				PRODUCT_BUNDLE_IDENTIFIER = com.brenorage.testSample.TheMovsAppTests;
				PRODUCT_NAME = "$(TARGET_NAME)";
				SWIFT_VERSION = 4.2;
				TARGETED_DEVICE_FAMILY = "1,2";
				TEST_HOST = "$(BUILT_PRODUCTS_DIR)/TheMovsApp.app/TheMovsApp";
			};
			name = Debug;
		};
		C40B975221B16B030067A565 /* Release */ = {
			isa = XCBuildConfiguration;
			buildSettings = {
				ALWAYS_EMBED_SWIFT_STANDARD_LIBRARIES = YES;
				BUNDLE_LOADER = "$(TEST_HOST)";
				CODE_SIGN_STYLE = Automatic;
				INFOPLIST_FILE = TheMovsAppTests/Info.plist;
				LD_RUNPATH_SEARCH_PATHS = (
					"$(inherited)",
					"@executable_path/Frameworks",
					"@loader_path/Frameworks",
				);
				PRODUCT_BUNDLE_IDENTIFIER = com.brenorage.testSample.TheMovsAppTests;
				PRODUCT_NAME = "$(TARGET_NAME)";
				SWIFT_VERSION = 4.2;
				TARGETED_DEVICE_FAMILY = "1,2";
				TEST_HOST = "$(BUILT_PRODUCTS_DIR)/TheMovsApp.app/TheMovsApp";
			};
			name = Release;
		};
		C40B975421B16B030067A565 /* Debug */ = {
			isa = XCBuildConfiguration;
			buildSettings = {
				ALWAYS_EMBED_SWIFT_STANDARD_LIBRARIES = YES;
				CODE_SIGN_STYLE = Automatic;
				INFOPLIST_FILE = TheMovsAppUITests/Info.plist;
				LD_RUNPATH_SEARCH_PATHS = (
					"$(inherited)",
					"@executable_path/Frameworks",
					"@loader_path/Frameworks",
				);
				PRODUCT_BUNDLE_IDENTIFIER = com.brenorage.testSample.TheMovsAppUITests;
				PRODUCT_NAME = "$(TARGET_NAME)";
				SWIFT_VERSION = 4.2;
				TARGETED_DEVICE_FAMILY = "1,2";
				TEST_TARGET_NAME = TheMovsApp;
			};
			name = Debug;
		};
		C40B975521B16B030067A565 /* Release */ = {
			isa = XCBuildConfiguration;
			buildSettings = {
				ALWAYS_EMBED_SWIFT_STANDARD_LIBRARIES = YES;
				CODE_SIGN_STYLE = Automatic;
				INFOPLIST_FILE = TheMovsAppUITests/Info.plist;
				LD_RUNPATH_SEARCH_PATHS = (
					"$(inherited)",
					"@executable_path/Frameworks",
					"@loader_path/Frameworks",
				);
				PRODUCT_BUNDLE_IDENTIFIER = com.brenorage.testSample.TheMovsAppUITests;
				PRODUCT_NAME = "$(TARGET_NAME)";
				SWIFT_VERSION = 4.2;
				TARGETED_DEVICE_FAMILY = "1,2";
				TEST_TARGET_NAME = TheMovsApp;
			};
			name = Release;
		};
/* End XCBuildConfiguration section */

/* Begin XCConfigurationList section */
		C40B972021B16B010067A565 /* Build configuration list for PBXProject "TheMovsApp" */ = {
			isa = XCConfigurationList;
			buildConfigurations = (
				C40B974B21B16B030067A565 /* Debug */,
				C40B974C21B16B030067A565 /* Release */,
			);
			defaultConfigurationIsVisible = 0;
			defaultConfigurationName = Release;
		};
		C40B974D21B16B030067A565 /* Build configuration list for PBXNativeTarget "TheMovsApp" */ = {
			isa = XCConfigurationList;
			buildConfigurations = (
				C40B974E21B16B030067A565 /* Debug */,
				C40B974F21B16B030067A565 /* Release */,
			);
			defaultConfigurationIsVisible = 0;
			defaultConfigurationName = Release;
		};
		C40B975021B16B030067A565 /* Build configuration list for PBXNativeTarget "TheMovsAppTests" */ = {
			isa = XCConfigurationList;
			buildConfigurations = (
				C40B975121B16B030067A565 /* Debug */,
				C40B975221B16B030067A565 /* Release */,
			);
			defaultConfigurationIsVisible = 0;
			defaultConfigurationName = Release;
		};
		C40B975321B16B030067A565 /* Build configuration list for PBXNativeTarget "TheMovsAppUITests" */ = {
			isa = XCConfigurationList;
			buildConfigurations = (
				C40B975421B16B030067A565 /* Debug */,
				C40B975521B16B030067A565 /* Release */,
			);
			defaultConfigurationIsVisible = 0;
			defaultConfigurationName = Release;
		};
/* End XCConfigurationList section */
	};
	rootObject = C40B971D21B16B010067A565 /* Project object */;
}
